<?xml version="1.0" encoding="utf-8"?>
<Project ToolsVersion="4.0" xmlns="http://schemas.microsoft.com/developer/msbuild/2003">
  <ItemGroup>
    <Filter Include="Source Files">
      <Extensions>cpp;c;cxx;def;odl;idl;hpj;bat;asm</Extensions>
    </Filter>
    <Filter Include="Header Files">
      <Extensions>h;hpp;hxx;hm;inl;inc</Extensions>
    </Filter>
    <Filter Include="Resource Files">
      <Extensions>rc;ico;cur;bmp;dlg;rc2;rct;bin;rgs;gif;jpg;jpeg;jpe</Extensions>
    </Filter>
    <Filter Include="Resource Files\easyfind">
      <UniqueIdentifier>{fd812420-0e27-45e5-b702-f07bf36e3d40}</UniqueIdentifier>
    </Filter>
  </ItemGroup>
  <ItemGroup>
    <ClCompile Include="EasyFind.cpp">
      <Filter>Source Files</Filter>
    </ClCompile>
    <ClCompile Include="EasyFindWindow.cpp">
      <Filter>Source Files</Filter>
    </ClCompile>
    <ClCompile Include="EasyFindImGui.cpp">
      <Filter>Source Files</Filter>
    </ClCompile>
    <ClCompile Include="EasyFindZonePath.cpp">
      <Filter>Source Files</Filter>
    </ClCompile>
    <ClCompile Include="EasyFindConfiguration.cpp">
      <Filter>Source Files</Filter>
    </ClCompile>
    <ClCompile Include="EasyFindNavigation.cpp">
      <Filter>Source Files</Filter>
    </ClCompile>
    <ClCompile Include="EasyFindZoneConnections.cpp">
      <Filter>Source Files</Filter>
    </ClCompile>
  </ItemGroup>
  <ItemGroup>
    <ClInclude Include="resource.h">
      <Filter>Header Files</Filter>
    </ClInclude>
    <ClInclude Include="EasyFind.h">
      <Filter>Header Files</Filter>
    </ClInclude>
    <ClInclude Include="EasyFindConfiguration.h">
      <Filter>Header Files</Filter>
    </ClInclude>
    <ClInclude Include="EasyFindWindow.h">
      <Filter>Header Files</Filter>
    </ClInclude>
    <ClInclude Include="EasyFindZoneConnections.h">
      <Filter>Header Files</Filter>
    </ClInclude>
  </ItemGroup>
  <ItemGroup>
    <ResourceCompile Include="MQ2EasyFind.rc">
      <Filter>Resource Files</Filter>
    </ResourceCompile>
  </ItemGroup>
  <ItemGroup>
    <None Include="README.md" />
    <None Include="resources\EasyFind\ZoneConnections.yaml">
      <Filter>Resource Files\easyfind</Filter>
    </None>
  </ItemGroup>
  <ItemGroup>
    <NASM Include="AssemblyFunctions.asm">
      <Filter>Source Files</Filter>
    </NASM>
  </ItemGroup>
</Project>